
Microsoft Visual Studio Solution File, Format Version 12.00
# Visual Studio 15
VisualStudioVersion = 15.0.27703.2042
MinimumVisualStudioVersion = 10.0.40219.1
Project("{8BC9CEB8-8B4A-11D0-8D11-00A0C91BC942}") = "flex", "flex\flex.vcxproj", "{2098A280-7CF5-413B-A32C-C1C548F01538}"
EndProject
Global
	GlobalSection(SolutionConfigurationPlatforms) = preSolution
		Debug|x64 = Debug|x64
		Debug|x86 = Debug|x86
		Release|x64 = Release|x64
		Release|x86 = Release|x86
	EndGlobalSection
	GlobalSection(ProjectConfigurationPlatforms) = postSolution
		{2098A280-7CF5-413B-A32C-C1C548F01538}.Debug|x64.ActiveCfg = Debug|x64
		{2098A280-7CF5-413B-A32C-C1C548F01538}.Debug|x64.Build.0 = Debug|x64
		{2098A280-7CF5-413B-A32C-C1C548F01538}.Debug|x86.ActiveCfg = Debug|Win32
		{2098A280-7CF5-413B-A32C-C1C548F01538}.Debug|x86.Build.0 = Debug|Win32
		{2098A280-7CF5-413B-A32C-C1C548F01538}.Release|x64.ActiveCfg = Release|x64
		{2098A280-7CF5-413B-A32C-C1C548F01538}.Release|x64.Build.0 = Release|x64
		{2098A280-7CF5-413B-A32C-C1C548F01538}.Release|x86.ActiveCfg = Release|Win32
		{2098A280-7CF5-413B-A32C-C1C548F01538}.Release|x86.Build.0 = Release|Win32
	EndGlobalSection
	GlobalSection(SolutionProperties) = preSolution
		HideSolutionNode = FALSE
	EndGlobalSection
	GlobalSection(ExtensibilityGlobals) = postSolution
		SolutionGuid = {76EC64D2-637D-4E6D-8684-C30A9D66607D}
	EndGlobalSection
EndGlobal
